Microsoft Visual Studio Solution File, Format Version 12.00
# Visual Studio Version 17
VisualStudioVersion = 17.14.36408.4
MinimumVisualStudioVersion = 10.0.40219.1
Project("{8BC9CEB8-8B4A-11D0-8D11-00A0C91BC942}") = "invaders", "invaders.vcxproj", "{9E3F6A06-C7ED-4878-8EF3-DD8797D3698B}"
EndProject
Global
  GlobalSection(SolutionConfigurationPlatforms) = preSolution
    Debug|x64 = Debug|x64
    Release|x64 = Release|x64
  EndGlobalSection
  GlobalSection(ProjectConfigurationPlatforms) = postSolution
    {9E3F6A06-C7ED-4878-8EF3-DD8797D3698B}.Debug|x64.ActiveCfg = Debug|x64
    {9E3F6A06-C7ED-4878-8EF3-DD8797D3698B}.Debug|x64.Build.0 = Debug|x64
    {9E3F6A06-C7ED-4878-8EF3-DD8797D3698B}.Release|x64.ActiveCfg = Release|x64
    {9E3F6A06-C7ED-4878-8EF3-DD8797D3698B}.Release|x64.Build.0 = Release|x64
  EndGlobalSection
  GlobalSection(SolutionProperties) = preSolution
    HideSolutionNode = FALSE
  EndGlobalSection
  GlobalSection(ExtensibilityGlobals) = postSolution
                                SolutionGuid = {7C7C0DC2-711D-499A-9BAF-920A6222EFA1}
                                    SolutionGuid = {415B507F-7255-414C-9EA7-598FCE095D5E}
                            SolutionGuid = {E30D6C7E-5C81-4CD2-AF31-B9CEE0133B37}
            SolutionGuid = {64D41ED5-475E-4080-B285-F0644D80ED5B}
  EndGlobalSection
EndGlobal
